
Microsoft Visual Studio Solution File, Format Version 12.00
# Visual Studio 15
VisualStudioVersion = 15.0.28307.572
MinimumVisualStudioVersion = 10.0.40219.1
Project("{FAE04EC0-301F-11D3-BF4B-00C04F79EFBC}") = "WPFInterface", "WPFInterface\WPFInterface.csproj", "{0710BB27-DF74-4F70-830E-6A20148062E0}"
EndProject
Project("{FAE04EC0-301F-11D3-BF4B-00C04F79EFBC}") = "GameWFP", "GameWFP\GameWFP.csproj", "{E48CEF5A-8F1B-4A44-8F38-6CD4FACBDDAB}"
EndProject
Global
	GlobalSection(SolutionConfigurationPlatforms) = preSolution
		Debug|Any CPU = Debug|Any CPU
		Release|Any CPU = Release|Any CPU
	EndGlobalSection
	GlobalSection(ProjectConfigurationPlatforms) = postSolution
		{0710BB27-DF74-4F70-830E-6A20148062E0}.Debug|Any CPU.ActiveCfg = Debug|Any CPU
		{0710BB27-DF74-4F70-830E-6A20148062E0}.Debug|Any CPU.Build.0 = Debug|Any CPU
		{0710BB27-DF74-4F70-830E-6A20148062E0}.Release|Any CPU.ActiveCfg = Release|Any CPU
		{0710BB27-DF74-4F70-830E-6A20148062E0}.Release|Any CPU.Build.0 = Release|Any CPU
		{E48CEF5A-8F1B-4A44-8F38-6CD4FACBDDAB}.Debug|Any CPU.ActiveCfg = Debug|Any CPU
		{E48CEF5A-8F1B-4A44-8F38-6CD4FACBDDAB}.Debug|Any CPU.Build.0 = Debug|Any CPU
		{E48CEF5A-8F1B-4A44-8F38-6CD4FACBDDAB}.Release|Any CPU.ActiveCfg = Release|Any CPU
		{E48CEF5A-8F1B-4A44-8F38-6CD4FACBDDAB}.Release|Any CPU.Build.0 = Release|Any CPU
	EndGlobalSection
	GlobalSection(SolutionProperties) = preSolution
		HideSolutionNode = FALSE
	EndGlobalSection
	GlobalSection(ExtensibilityGlobals) = postSolution
		SolutionGuid = {CBE2E0C7-5D7A-4382-ADB6-70353A4BC7D6}
	EndGlobalSection
EndGlobal
